
Microsoft Visual Studio Solution File, Format Version 12.00
# Blend for Visual Studio 15
VisualStudioVersion = 15.0.28010.2048
MinimumVisualStudioVersion = 10.0.40219.1
Project("{FAE04EC0-301F-11D3-BF4B-00C04F79EFBC}") = "Client", "Client\Client.csproj", "{9F8C613E-BF7D-4439-983D-95FD67A70045}"
EndProject
Global
	GlobalSection(SolutionConfigurationPlatforms) = preSolution
		Debug|Any CPU = Debug|Any CPU
		Release|Any CPU = Release|Any CPU
	EndGlobalSection
	GlobalSection(ProjectConfigurationPlatforms) = postSolution
		{9F8C613E-BF7D-4439-983D-95FD67A70045}.Debug|Any CPU.ActiveCfg = Debug|Any CPU
		{9F8C613E-BF7D-4439-983D-95FD67A70045}.Debug|Any CPU.Build.0 = Debug|Any CPU
		{9F8C613E-BF7D-4439-983D-95FD67A70045}.Release|Any CPU.ActiveCfg = Release|Any CPU
		{9F8C613E-BF7D-4439-983D-95FD67A70045}.Release|Any CPU.Build.0 = Release|Any CPU
	EndGlobalSection
	GlobalSection(SolutionProperties) = preSolution
		HideSolutionNode = FALSE
	EndGlobalSection
	GlobalSection(ExtensibilityGlobals) = postSolution
		SolutionGuid = {D5758F25-F28B-46D3-82D3-670056A98FFC}
	EndGlobalSection
EndGlobal
